// !$*UTF8*$!
{
	archiveVersion = 1;
	classes = {
	};
	objectVersion = 50;
	objects = {

/* Begin PBXBuildFile section */
		67111AD524EF8CD500CC04EA /* AppDelegate.swift in Sources */ = {isa = PBXBuildFile; fileRef = 67111AD424EF8CD500CC04EA /* AppDelegate.swift */; };
		67111AD724EF8CD500CC04EA /* art.scnassets in Resources */ = {isa = PBXBuildFile; fileRef = 67111AD624EF8CD500CC04EA /* art.scnassets */; };
		67111AD924EF8CD500CC04EA /* ViewController.swift in Sources */ = {isa = PBXBuildFile; fileRef = 67111AD824EF8CD500CC04EA /* ViewController.swift */; };
		67111ADC24EF8CD500CC04EA /* Main.storyboard in Resources */ = {isa = PBXBuildFile; fileRef = 67111ADA24EF8CD500CC04EA /* Main.storyboard */; };
		67111ADE24EF8CD700CC04EA /* Assets.xcassets in Resources */ = {isa = PBXBuildFile; fileRef = 67111ADD24EF8CD700CC04EA /* Assets.xcassets */; };
		67111AE124EF8CD700CC04EA /* LaunchScreen.storyboard in Resources */ = {isa = PBXBuildFile; fileRef = 67111ADF24EF8CD700CC04EA /* LaunchScreen.storyboard */; };
/* End PBXBuildFile section */

/* Begin PBXFileReference section */
		67111AD124EF8CD500CC04EA /* DiceAR.app */ = {isa = PBXFileReference; explicitFileType = wrapper.application; includeInIndex = 0; path = DiceAR.app; sourceTree = BUILT_PRODUCTS_DIR; };
		67111AD424EF8CD500CC04EA /* AppDelegate.swift */ = {isa = PBXFileReference; lastKnownFileType = sourcecode.swift; path = AppDelegate.swift; sourceTree = "<group>"; };
		67111AD624EF8CD500CC04EA /* art.scnassets */ = {isa = PBXFileReference; lastKnownFileType = wrapper.scnassets; path = art.scnassets; sourceTree = "<group>"; };
		67111AD824EF8CD500CC04EA /* ViewController.swift */ = {isa = PBXFileReference; lastKnownFileType = sourcecode.swift; path = ViewController.swift; sourceTree = "<group>"; };
		67111ADB24EF8CD500CC04EA /* Base */ = {isa = PBXFileReference; lastKnownFileType = file.storyboard; name = Base; path = Base.lproj/Main.storyboard; sourceTree = "<group>"; };
		67111ADD24EF8CD700CC04EA /* Assets.xcassets */ = {isa = PBXFileReference; lastKnownFileType = folder.assetcatalog; path = Assets.xcassets; sourceTree = "<group>"; };
		67111AE024EF8CD700CC04EA /* Base */ = {isa = PBXFileReference; lastKnownFileType = file.storyboard; name = Base; path = Base.lproj/LaunchScreen.storyboard; sourceTree = "<group>"; };
		67111AE224EF8CD700CC04EA /* Info.plist */ = {isa = PBXFileReference; lastKnownFileType = text.plist.xml; path = Info.plist; sourceTree = "<group>"; };
/* End PBXFileReference section */

/* Begin PBXFrameworksBuildPhase section */
		67111ACE24EF8CD500CC04EA /* Frameworks */ = {
			isa = PBXFrameworksBuildPhase;
			buildActionMask = 2147483647;
			files = (
			);
			runOnlyForDeploymentPostprocessing = 0;
		};
/* End PBXFrameworksBuildPhase section */

/* Begin PBXGroup section */
		67111AC824EF8CD500CC04EA = {
			isa = PBXGroup;
			children = (
				67111AD324EF8CD500CC04EA /* DiceAR */,
				67111AD224EF8CD500CC04EA /* Products */,
			);
			sourceTree = "<group>";
		};
		67111AD224EF8CD500CC04EA /* Products */ = {
			isa = PBXGroup;
			children = (
				67111AD124EF8CD500CC04EA /* DiceAR.app */,
			);
			name = Products;
			sourceTree = "<group>";
		};
		67111AD324EF8CD500CC04EA /* DiceAR */ = {
			isa = PBXGroup;
			children = (
				67111AD424EF8CD500CC04EA /* AppDelegate.swift */,
				67111AD624EF8CD500CC04EA /* art.scnassets */,
				67111AD824EF8CD500CC04EA /* ViewController.swift */,
				67111ADA24EF8CD500CC04EA /* Main.storyboard */,
				67111ADD24EF8CD700CC04EA /* Assets.xcassets */,
				67111ADF24EF8CD700CC04EA /* LaunchScreen.storyboard */,
				67111AE224EF8CD700CC04EA /* Info.plist */,
			);
			path = DiceAR;
			sourceTree = "<group>";
		};
/* End PBXGroup section */

/* Begin PBXNativeTarget section */
		67111AD024EF8CD500CC04EA /* DiceAR */ = {
			isa = PBXNativeTarget;
			buildConfigurationList = 67111AE524EF8CD700CC04EA /* Build configuration list for PBXNativeTarget "DiceAR" */;
			buildPhases = (
				67111ACD24EF8CD500CC04EA /* Sources */,
				67111ACE24EF8CD500CC04EA /* Frameworks */,
				67111ACF24EF8CD500CC04EA /* Resources */,
			);
			buildRules = (
			);
			dependencies = (
			);
			name = DiceAR;
			productName = DiceAR;
			productReference = 67111AD124EF8CD500CC04EA /* DiceAR.app */;
			productType = "com.apple.product-type.application";
		};
/* End PBXNativeTarget section */

/* Begin PBXProject section */
		67111AC924EF8CD500CC04EA /* Project object */ = {
			isa = PBXProject;
			attributes = {
				LastSwiftUpdateCheck = 1160;
				LastUpgradeCheck = 1160;
				ORGANIZATIONNAME = "Kishlay Chhajer";
				TargetAttributes = {
					67111AD024EF8CD500CC04EA = {
						CreatedOnToolsVersion = 11.6;
					};
				};
			};
			buildConfigurationList = 67111ACC24EF8CD500CC04EA /* Build configuration list for PBXProject "DiceAR" */;
			compatibilityVersion = "Xcode 9.3";
			developmentRegion = en;
			hasScannedForEncodings = 0;
			knownRegions = (
				en,
				Base,
			);
			mainGroup = 67111AC824EF8CD500CC04EA;
			productRefGroup = 67111AD224EF8CD500CC04EA /* Products */;
			projectDirPath = "";
			projectRoot = "";
			targets = (
				67111AD024EF8CD500CC04EA /* DiceAR */,
			);
		};
/* End PBXProject section */

/* Begin PBXResourcesBuildPhase section */
		67111ACF24EF8CD500CC04EA /* Resources */ = {
			isa = PBXResourcesBuildPhase;
			buildActionMask = 2147483647;
			files = (
				67111AD724EF8CD500CC04EA /* art.scnassets in Resources */,
				67111AE124EF8CD700CC04EA /* LaunchScreen.storyboard in Resources */,
				67111ADE24EF8CD700CC04EA /* Assets.xcassets in Resources */,
				67111ADC24EF8CD500CC04EA /* Main.storyboard in Resources */,
			);
			runOnlyForDeploymentPostprocessing = 0;
		};
/* End PBXResourcesBuildPhase section */

/* Begin PBXSourcesBuildPhase section */
		67111ACD24EF8CD500CC04EA /* Sources */ = {
			isa = PBXSourcesBuildPhase;
			buildActionMask = 2147483647;
			files = (
				67111AD924EF8CD500CC04EA /* ViewController.swift in Sources */,
				67111AD524EF8CD500CC04EA /* AppDelegate.swift in Sources */,
			);
			runOnlyForDeploymentPostprocessing = 0;
		};
/* End PBXSourcesBuildPhase section */

/* Begin PBXVariantGroup section */
		67111ADA24EF8CD500CC04EA /* Main.storyboard */ = {
			isa = PBXVariantGroup;
			children = (
				67111ADB24EF8CD500CC04EA /* Base */,
			);
			name = Main.storyboard;
			sourceTree = "<group>";
		};
		67111ADF24EF8CD700CC04EA /* LaunchScreen.storyboard */ = {
			isa = PBXVariantGroup;
			children = (
				67111AE024EF8CD700CC04EA /* Base */,
			);
			name = LaunchScreen.storyboard;
			sourceTree = "<group>";
		};
/* End PBXVariantGroup section */

/* Begin XCBuildConfiguration section */
		67111AE324EF8CD700CC04EA /* Debug */ = {
			isa = XCBuildConfiguration;
			buildSettings = {
				ALWAYS_SEARCH_USER_PATHS = NO;
				CLANG_ANALYZER_NONNULL = YES;
				CLANG_ANALYZER_NUMBER_OBJECT_CONVERSION = YES_AGGRESSIVE;
				CLANG_CXX_LANGUAGE_STANDARD = "gnu++14";
				CLANG_CXX_LIBRARY = "libc++";
				CLANG_ENABLE_MODULES = YES;
				CLANG_ENABLE_OBJC_ARC = YES;
				CLANG_ENABLE_OBJC_WEAK = YES;
				CLANG_WARN_BLOCK_CAPTURE_AUTORELEASING = YES;
				CLANG_WARN_BOOL_CONVERSION = YES;
				CLANG_WARN_COMMA = YES;
				CLANG_WARN_CONSTANT_CONVERSION = YES;
				CLANG_WARN_DEPRECATED_OBJC_IMPLEMENTATIONS = YES;
				CLANG_WARN_DIRECT_OBJC_ISA_USAGE = YES_ERROR;
				CLANG_WARN_DOCUMENTATION_COMMENTS = YES;
				CLANG_WARN_EMPTY_BODY = YES;
				CLANG_WARN_ENUM_CONVERSION = YES;
				CLANG_WARN_INFINITE_RECURSION = YES;
				CLANG_WARN_INT_CONVERSION = YES;
				CLANG_WARN_NON_LITERAL_NULL_CONVERSION = YES;
				CLANG_WARN_OBJC_IMPLICIT_RETAIN_SELF = YES;
				CLANG_WARN_OBJC_LITERAL_CONVERSION = YES;
				CLANG_WARN_OBJC_ROOT_CLASS = YES_ERROR;
				CLANG_WARN_RANGE_LOOP_ANALYSIS = YES;
				CLANG_WARN_STRICT_PROTOTYPES = YES;
				CLANG_WARN_SUSPICIOUS_MOVE = YES;
				CLANG_WARN_UNGUARDED_AVAILABILITY = YES_AGGRESSIVE;
				CLANG_WARN_UNREACHABLE_CODE = YES;
				CLANG_WARN__DUPLICATE_METHOD_MATCH = YES;
				COPY_PHASE_STRIP = NO;
				DEBUG_INFORMATION_FORMAT = dwarf;
				ENABLE_STRICT_OBJC_MSGSEND = YES;
				ENABLE_TESTABILITY = YES;
				GCC_C_LANGUAGE_STANDARD = gnu11;
				GCC_DYNAMIC_NO_PIC = NO;
				GCC_NO_COMMON_BLOCKS = YES;
				GCC_OPTIMIZATION_LEVEL = 0;
				GCC_PREPROCESSOR_DEFINITIONS = (
					"DEBUG=1",
					"$(inherited)",
				);
				GCC_WARN_64_TO_32_BIT_CONVERSION = YES;
				GCC_WARN_ABOUT_RETURN_TYPE = YES_ERROR;
				GCC_WARN_UNDECLARED_SELECTOR = YES;
				GCC_WARN_UNINITIALIZED_AUTOS = YES_AGGRESSIVE;
				GCC_WARN_UNUSED_FUNCTION = YES;
				GCC_WARN_UNUSED_VARIABLE = YES;
				IPHONEOS_DEPLOYMENT_TARGET = 13.6;
				MTL_ENABLE_DEBUG_INFO = INCLUDE_SOURCE;
				MTL_FAST_MATH = YES;
				ONLY_ACTIVE_ARCH = YES;
				SDKROOT = iphoneos;
				SWIFT_ACTIVE_COMPILATION_CONDITIONS = DEBUG;
				SWIFT_OPTIMIZATION_LEVEL = "-Onone";
			};
			name = Debug;
		};
		67111AE424EF8CD700CC04EA /* Release */ = {
			isa = XCBuildConfiguration;
			buildSettings = {
				ALWAYS_SEARCH_USER_PATHS = NO;
				CLANG_ANALYZER_NONNULL = YES;
				CLANG_ANALYZER_NUMBER_OBJECT_CONVERSION = YES_AGGRESSIVE;
				CLANG_CXX_LANGUAGE_STANDARD = "gnu++14";
				CLANG_CXX_LIBRARY = "libc++";
				CLANG_ENABLE_MODULES = YES;
				CLANG_ENABLE_OBJC_ARC = YES;
				CLANG_ENABLE_OBJC_WEAK = YES;
				CLANG_WARN_BLOCK_CAPTURE_AUTORELEASING = YES;
				CLANG_WARN_BOOL_CONVERSION = YES;
				CLANG_WARN_COMMA = YES;
				CLANG_WARN_CONSTANT_CONVERSION = YES;
				CLANG_WARN_DEPRECATED_OBJC_IMPLEMENTATIONS = YES;
				CLANG_WARN_DIRECT_OBJC_ISA_USAGE = YES_ERROR;
				CLANG_WARN_DOCUMENTATION_COMMENTS = YES;
				CLANG_WARN_EMPTY_BODY = YES;
				CLANG_WARN_ENUM_CONVERSION = YES;
				CLANG_WARN_INFINITE_RECURSION = YES;
				CLANG_WARN_INT_CONVERSION = YES;
				CLANG_WARN_NON_LITERAL_NULL_CONVERSION = YES;
				CLANG_WARN_OBJC_IMPLICIT_RETAIN_SELF = YES;
				CLANG_WARN_OBJC_LITERAL_CONVERSION = YES;
				CLANG_WARN_OBJC_ROOT_CLASS = YES_ERROR;
				CLANG_WARN_RANGE_LOOP_ANALYSIS = YES;
				CLANG_WARN_STRICT_PROTOTYPES = YES;
				CLANG_WARN_SUSPICIOUS_MOVE = YES;
				CLANG_WARN_UNGUARDED_AVAILABILITY = YES_AGGRESSIVE;
				CLANG_WARN_UNREACHABLE_CODE = YES;
				CLANG_WARN__DUPLICATE_METHOD_MATCH = YES;
				COPY_PHASE_STRIP = NO;
				DEBUG_INFORMATION_FORMAT = "dwarf-with-dsym";
				ENABLE_NS_ASSERTIONS = NO;
				ENABLE_STRICT_OBJC_MSGSEND = YES;
				GCC_C_LANGUAGE_STANDARD = gnu11;
				GCC_NO_COMMON_BLOCKS = YES;
				GCC_WARN_64_TO_32_BIT_CONVERSION = YES;
				GCC_WARN_ABOUT_RETURN_TYPE = YES_ERROR;
				GCC_WARN_UNDECLARED_SELECTOR = YES;
				GCC_WARN_UNINITIALIZED_AUTOS = YES_AGGRESSIVE;
				GCC_WARN_UNUSED_FUNCTION = YES;
				GCC_WARN_UNUSED_VARIABLE = YES;
				IPHONEOS_DEPLOYMENT_TARGET = 13.6;
				MTL_ENABLE_DEBUG_INFO = NO;
				MTL_FAST_MATH = YES;
				SDKROOT = iphoneos;
				SWIFT_COMPILATION_MODE = wholemodule;
				SWIFT_OPTIMIZATION_LEVEL = "-O";
				VALIDATE_PRODUCT = YES;
			};
			name = Release;
		};
		67111AE624EF8CD700CC04EA /* Debug */ = {
			isa = XCBuildConfiguration;
			buildSettings = {
				ASSETCATALOG_COMPILER_APPICON_NAME = AppIcon;
				CODE_SIGN_STYLE = Automatic;
				DEVELOPMENT_TEAM = V7837DR343;
				INFOPLIST_FILE = DiceAR/Info.plist;
				LD_RUNPATH_SEARCH_PATHS = (
					"$(inherited)",
					"@executable_path/Frameworks",
				);
				PRODUCT_BUNDLE_IDENTIFIER = com.kishlaychhajer.DiceAR;
				PRODUCT_NAME = "$(TARGET_NAME)";
				SWIFT_VERSION = 5.0;
				TARGETED_DEVICE_FAMILY = "1,2";
			};
			name = Debug;
		};
		67111AE724EF8CD700CC04EA /* Release */ = {
			isa = XCBuildConfiguration;
			buildSettings = {
				ASSETCATALOG_COMPILER_APPICON_NAME = AppIcon;
				CODE_SIGN_STYLE = Automatic;
				DEVELOPMENT_TEAM = V7837DR343;
				INFOPLIST_FILE = DiceAR/Info.plist;
				LD_RUNPATH_SEARCH_PATHS = (
					"$(inherited)",
					"@executable_path/Frameworks",
				);
				PRODUCT_BUNDLE_IDENTIFIER = com.kishlaychhajer.DiceAR;
				PRODUCT_NAME = "$(TARGET_NAME)";
				SWIFT_VERSION = 5.0;
				TARGETED_DEVICE_FAMILY = "1,2";
			};
			name = Release;
		};
/* End XCBuildConfiguration section */

/* Begin XCConfigurationList section */
		67111ACC24EF8CD500CC04EA /* Build configuration list for PBXProject "DiceAR" */ = {
			isa = XCConfigurationList;
			buildConfigurations = (
				67111AE324EF8CD700CC04EA /* Debug */,
				67111AE424EF8CD700CC04EA /* Release */,
			);
			defaultConfigurationIsVisible = 0;
			defaultConfigurationName = Release;
		};
		67111AE524EF8CD700CC04EA /* Build configuration list for PBXNativeTarget "DiceAR" */ = {
			isa = XCConfigurationList;
			buildConfigurations = (
				67111AE624EF8CD700CC04EA /* Debug */,
				67111AE724EF8CD700CC04EA /* Release */,
			);
			defaultConfigurationIsVisible = 0;
			defaultConfigurationName = Release;
		};
/* End XCConfigurationList section */
	};
	rootObject = 67111AC924EF8CD500CC04EA /* Project object */;
}
